// !$*UTF8*$!
{
	archiveVersion = 1;
	classes = {
	};
	objectVersion = 77;
	objects = {

/* Begin PBXContainerItemProxy section */
		CEB80F9A2CBFA48400ADD146 /* PBXContainerItemProxy */ = {
			isa = PBXContainerItemProxy;
			containerPortal = CEB80F812CBFA48300ADD146 /* Project object */;
			proxyType = 1;
			remoteGlobalIDString = CEB80F882CBFA48300ADD146;
			remoteInfo = "Demo EventKit";
		};
		CEB80FA42CBFA48400ADD146 /* PBXContainerItemProxy */ = {
			isa = PBXContainerItemProxy;
			containerPortal = CEB80F812CBFA48300ADD146 /* Project object */;
			proxyType = 1;
			remoteGlobalIDString = CEB80F882CBFA48300ADD146;
			remoteInfo = "Demo EventKit";
		};
/* End PBXContainerItemProxy section */

/* Begin PBXFileReference section */
		CEB80F892CBFA48300ADD146 /* Demo EventKit.app */ = {isa = PBXFileReference; explicitFileType = wrapper.application; includeInIndex = 0; path = "Demo EventKit.app"; sourceTree = BUILT_PRODUCTS_DIR; };
		CEB80F992CBFA48400ADD146 /* Demo EventKitTests.xctest */ = {isa = PBXFileReference; explicitFileType = wrapper.cfbundle; includeInIndex = 0; path = "Demo EventKitTests.xctest"; sourceTree = BUILT_PRODUCTS_DIR; };
		CEB80FA32CBFA48400ADD146 /* Demo EventKitUITests.xctest */ = {isa = PBXFileReference; explicitFileType = wrapper.cfbundle; includeInIndex = 0; path = "Demo EventKitUITests.xctest"; sourceTree = BUILT_PRODUCTS_DIR; };
/* End PBXFileReference section */

/* Begin PBXFileSystemSynchronizedRootGroup section */
		CEB80F8B2CBFA48300ADD146 /* Demo EventKit */ = {
			isa = PBXFileSystemSynchronizedRootGroup;
			path = "Demo EventKit";
			sourceTree = "<group>";
		};
		CEB80F9C2CBFA48400ADD146 /* Demo EventKitTests */ = {
			isa = PBXFileSystemSynchronizedRootGroup;
			path = "Demo EventKitTests";
			sourceTree = "<group>";
		};
		CEB80FA62CBFA48400ADD146 /* Demo EventKitUITests */ = {
			isa = PBXFileSystemSynchronizedRootGroup;
			path = "Demo EventKitUITests";
			sourceTree = "<group>";
		};
/* End PBXFileSystemSynchronizedRootGroup section */

/* Begin PBXFrameworksBuildPhase section */
		CEB80F862CBFA48300ADD146 /* Frameworks */ = {
			isa = PBXFrameworksBuildPhase;
			buildActionMask = 2147483647;
			files = (
			);
			runOnlyForDeploymentPostprocessing = 0;
		};
		CEB80F962CBFA48400ADD146 /* Frameworks */ = {
			isa = PBXFrameworksBuildPhase;
			buildActionMask = 2147483647;
			files = (
			);
			runOnlyForDeploymentPostprocessing = 0;
		};
		CEB80FA02CBFA48400ADD146 /* Frameworks */ = {
			isa = PBXFrameworksBuildPhase;
			buildActionMask = 2147483647;
			files = (
			);
			runOnlyForDeploymentPostprocessing = 0;
		};
/* End PBXFrameworksBuildPhase section */

/* Begin PBXGroup section */
		CEB80F802CBFA48300ADD146 = {
			isa = PBXGroup;
			children = (
				CEB80F8B2CBFA48300ADD146 /* Demo EventKit */,
				CEB80F9C2CBFA48400ADD146 /* Demo EventKitTests */,
				CEB80FA62CBFA48400ADD146 /* Demo EventKitUITests */,
				CEB80F8A2CBFA48300ADD146 /* Products */,
			);
			sourceTree = "<group>";
		};
		CEB80F8A2CBFA48300ADD146 /* Products */ = {
			isa = PBXGroup;
			children = (
				CEB80F892CBFA48300ADD146 /* Demo EventKit.app */,
				CEB80F992CBFA48400ADD146 /* Demo EventKitTests.xctest */,
				CEB80FA32CBFA48400ADD146 /* Demo EventKitUITests.xctest */,
			);
			name = Products;
			sourceTree = "<group>";
		};
/* End PBXGroup section */

/* Begin PBXNativeTarget section */
		CEB80F882CBFA48300ADD146 /* Demo EventKit */ = {
			isa = PBXNativeTarget;
			buildConfigurationList = CEB80FAD2CBFA48400ADD146 /* Build configuration list for PBXNativeTarget "Demo EventKit" */;
			buildPhases = (
				CEB80F852CBFA48300ADD146 /* Sources */,
				CEB80F862CBFA48300ADD146 /* Frameworks */,
				CEB80F872CBFA48300ADD146 /* Resources */,
			);
			buildRules = (
			);
			dependencies = (
			);
			fileSystemSynchronizedGroups = (
				CEB80F8B2CBFA48300ADD146 /* Demo EventKit */,
			);
			name = "Demo EventKit";
			packageProductDependencies = (
			);
			productName = "Demo EventKit";
			productReference = CEB80F892CBFA48300ADD146 /* Demo EventKit.app */;
			productType = "com.apple.product-type.application";
		};
		CEB80F982CBFA48400ADD146 /* Demo EventKitTests */ = {
			isa = PBXNativeTarget;
			buildConfigurationList = CEB80FB02CBFA48400ADD146 /* Build configuration list for PBXNativeTarget "Demo EventKitTests" */;
			buildPhases = (
				CEB80F952CBFA48400ADD146 /* Sources */,
				CEB80F962CBFA48400ADD146 /* Frameworks */,
				CEB80F972CBFA48400ADD146 /* Resources */,
			);
			buildRules = (
			);
			dependencies = (
				CEB80F9B2CBFA48400ADD146 /* PBXTargetDependency */,
			);
			fileSystemSynchronizedGroups = (
				CEB80F9C2CBFA48400ADD146 /* Demo EventKitTests */,
			);
			name = "Demo EventKitTests";
			packageProductDependencies = (
			);
			productName = "Demo EventKitTests";
			productReference = CEB80F992CBFA48400ADD146 /* Demo EventKitTests.xctest */;
			productType = "com.apple.product-type.bundle.unit-test";
		};
		CEB80FA22CBFA48400ADD146 /* Demo EventKitUITests */ = {
			isa = PBXNativeTarget;
			buildConfigurationList = CEB80FB32CBFA48400ADD146 /* Build configuration list for PBXNativeTarget "Demo EventKitUITests" */;
			buildPhases = (
				CEB80F9F2CBFA48400ADD146 /* Sources */,
				CEB80FA02CBFA48400ADD146 /* Frameworks */,
				CEB80FA12CBFA48400ADD146 /* Resources */,
			);
			buildRules = (
			);
			dependencies = (
				CEB80FA52CBFA48400ADD146 /* PBXTargetDependency */,
			);
			fileSystemSynchronizedGroups = (
				CEB80FA62CBFA48400ADD146 /* Demo EventKitUITests */,
			);
			name = "Demo EventKitUITests";
			packageProductDependencies = (
			);
			productName = "Demo EventKitUITests";
			productReference = CEB80FA32CBFA48400ADD146 /* Demo EventKitUITests.xctest */;
			productType = "com.apple.product-type.bundle.ui-testing";
		};
/* End PBXNativeTarget section */

/* Begin PBXProject section */
		CEB80F812CBFA48300ADD146 /* Project object */ = {
			isa = PBXProject;
			attributes = {
				BuildIndependentTargetsInParallel = 1;
				LastSwiftUpdateCheck = 1600;
				LastUpgradeCheck = 1600;
				TargetAttributes = {
					CEB80F882CBFA48300ADD146 = {
						CreatedOnToolsVersion = 16.0;
					};
					CEB80F982CBFA48400ADD146 = {
						CreatedOnToolsVersion = 16.0;
						TestTargetID = CEB80F882CBFA48300ADD146;
					};
					CEB80FA22CBFA48400ADD146 = {
						CreatedOnToolsVersion = 16.0;
						TestTargetID = CEB80F882CBFA48300ADD146;
					};
				};
			};
			buildConfigurationList = CEB80F842CBFA48300ADD146 /* Build configuration list for PBXProject "Demo EventKit" */;
			developmentRegion = en;
			hasScannedForEncodings = 0;
			knownRegions = (
				en,
				Base,
			);
			mainGroup = CEB80F802CBFA48300ADD146;
			minimizedProjectReferenceProxies = 1;
			preferredProjectObjectVersion = 77;
			productRefGroup = CEB80F8A2CBFA48300ADD146 /* Products */;
			projectDirPath = "";
			projectRoot = "";
			targets = (
				CEB80F882CBFA48300ADD146 /* Demo EventKit */,
				CEB80F982CBFA48400ADD146 /* Demo EventKitTests */,
				CEB80FA22CBFA48400ADD146 /* Demo EventKitUITests */,
			);
		};
/* End PBXProject section */

/* Begin PBXResourcesBuildPhase section */
		CEB80F872CBFA48300ADD146 /* Resources */ = {
			isa = PBXResourcesBuildPhase;
			buildActionMask = 2147483647;
			files = (
			);
			runOnlyForDeploymentPostprocessing = 0;
		};
		CEB80F972CBFA48400ADD146 /* Resources */ = {
			isa = PBXResourcesBuildPhase;
			buildActionMask = 2147483647;
			files = (
			);
			runOnlyForDeploymentPostprocessing = 0;
		};
		CEB80FA12CBFA48400ADD146 /* Resources */ = {
			isa = PBXResourcesBuildPhase;
			buildActionMask = 2147483647;
			files = (
			);
			runOnlyForDeploymentPostprocessing = 0;
		};
/* End PBXResourcesBuildPhase section */

/* Begin PBXSourcesBuildPhase section */
		CEB80F852CBFA48300ADD146 /* Sources */ = {
			isa = PBXSourcesBuildPhase;
			buildActionMask = 2147483647;
			files = (
			);
			runOnlyForDeploymentPostprocessing = 0;
		};
		CEB80F952CBFA48400ADD146 /* Sources */ = {
			isa = PBXSourcesBuildPhase;
			buildActionMask = 2147483647;
			files = (
			);
			runOnlyForDeploymentPostprocessing = 0;
		};
		CEB80F9F2CBFA48400ADD146 /* Sources */ = {
			isa = PBXSourcesBuildPhase;
			buildActionMask = 2147483647;
			files = (
			);
			runOnlyForDeploymentPostprocessing = 0;
		};
/* End PBXSourcesBuildPhase section */

/* Begin PBXTargetDependency section */
		CEB80F9B2CBFA48400ADD146 /* PBXTargetDependency */ = {
			isa = PBXTargetDependency;
			target = CEB80F882CBFA48300ADD146 /* Demo EventKit */;
			targetProxy = CEB80F9A2CBFA48400ADD146 /* PBXContainerItemProxy */;
		};
		CEB80FA52CBFA48400ADD146 /* PBXTargetDependency */ = {
			isa = PBXTargetDependency;
			target = CEB80F882CBFA48300ADD146 /* Demo EventKit */;
			targetProxy = CEB80FA42CBFA48400ADD146 /* PBXContainerItemProxy */;
		};
/* End PBXTargetDependency section */

/* Begin XCBuildConfiguration section */
		CEB80FAB2CBFA48400ADD146 /* Debug */ = {
			isa = XCBuildConfiguration;
			buildSettings = {
				ALWAYS_SEARCH_USER_PATHS = NO;
				ASSETCATALOG_COMPILER_GENERATE_SWIFT_ASSET_SYMBOL_EXTENSIONS = YES;
				CLANG_ANALYZER_NONNULL = YES;
				CLANG_ANALYZER_NUMBER_OBJECT_CONVERSION = YES_AGGRESSIVE;
				CLANG_CXX_LANGUAGE_STANDARD = "gnu++20";
				CLANG_ENABLE_MODULES = YES;
				CLANG_ENABLE_OBJC_ARC = YES;
				CLANG_ENABLE_OBJC_WEAK = YES;
				CLANG_WARN_BLOCK_CAPTURE_AUTORELEASING = YES;
				CLANG_WARN_BOOL_CONVERSION = YES;
				CLANG_WARN_COMMA = YES;
				CLANG_WARN_CONSTANT_CONVERSION = YES;
				CLANG_WARN_DEPRECATED_OBJC_IMPLEMENTATIONS = YES;
				CLANG_WARN_DIRECT_OBJC_ISA_USAGE = YES_ERROR;
				CLANG_WARN_DOCUMENTATION_COMMENTS = YES;
				CLANG_WARN_EMPTY_BODY = YES;
				CLANG_WARN_ENUM_CONVERSION = YES;
				CLANG_WARN_INFINITE_RECURSION = YES;
				CLANG_WARN_INT_CONVERSION = YES;
				CLANG_WARN_NON_LITERAL_NULL_CONVERSION = YES;
				CLANG_WARN_OBJC_IMPLICIT_RETAIN_SELF = YES;
				CLANG_WARN_OBJC_LITERAL_CONVERSION = YES;
				CLANG_WARN_OBJC_ROOT_CLASS = YES_ERROR;
				CLANG_WARN_QUOTED_INCLUDE_IN_FRAMEWORK_HEADER = YES;
				CLANG_WARN_RANGE_LOOP_ANALYSIS = YES;
				CLANG_WARN_STRICT_PROTOTYPES = YES;
				CLANG_WARN_SUSPICIOUS_MOVE = YES;
				CLANG_WARN_UNGUARDED_AVAILABILITY = YES_AGGRESSIVE;
				CLANG_WARN_UNREACHABLE_CODE = YES;
				CLANG_WARN__DUPLICATE_METHOD_MATCH = YES;
				COPY_PHASE_STRIP = NO;
				DEBUG_INFORMATION_FORMAT = dwarf;
				ENABLE_STRICT_OBJC_MSGSEND = YES;
				ENABLE_TESTABILITY = YES;
				ENABLE_USER_SCRIPT_SANDBOXING = YES;
				GCC_C_LANGUAGE_STANDARD = gnu17;
				GCC_DYNAMIC_NO_PIC = NO;
				GCC_NO_COMMON_BLOCKS = YES;
				GCC_OPTIMIZATION_LEVEL = 0;
				GCC_PREPROCESSOR_DEFINITIONS = (
					"DEBUG=1",
					"$(inherited)",
				);
				GCC_WARN_64_TO_32_BIT_CONVERSION = YES;
				GCC_WARN_ABOUT_RETURN_TYPE = YES_ERROR;
				GCC_WARN_UNDECLARED_SELECTOR = YES;
				GCC_WARN_UNINITIALIZED_AUTOS = YES_AGGRESSIVE;
				GCC_WARN_UNUSED_FUNCTION = YES;
				GCC_WARN_UNUSED_VARIABLE = YES;
				IPHONEOS_DEPLOYMENT_TARGET = 18.0;
				LOCALIZATION_PREFERS_STRING_CATALOGS = YES;
				MTL_ENABLE_DEBUG_INFO = INCLUDE_SOURCE;
				MTL_FAST_MATH = YES;
				ONLY_ACTIVE_ARCH = YES;
				SDKROOT = iphoneos;
				SWIFT_ACTIVE_COMPILATION_CONDITIONS = "DEBUG $(inherited)";
				SWIFT_OPTIMIZATION_LEVEL = "-Onone";
			};
			name = Debug;
		};
		CEB80FAC2CBFA48400ADD146 /* Release */ = {
			isa = XCBuildConfiguration;
			buildSettings = {
				ALWAYS_SEARCH_USER_PATHS = NO;
				ASSETCATALOG_COMPILER_GENERATE_SWIFT_ASSET_SYMBOL_EXTENSIONS = YES;
				CLANG_ANALYZER_NONNULL = YES;
				CLANG_ANALYZER_NUMBER_OBJECT_CONVERSION = YES_AGGRESSIVE;
				CLANG_CXX_LANGUAGE_STANDARD = "gnu++20";
				CLANG_ENABLE_MODULES = YES;
				CLANG_ENABLE_OBJC_ARC = YES;
				CLANG_ENABLE_OBJC_WEAK = YES;
				CLANG_WARN_BLOCK_CAPTURE_AUTORELEASING = YES;
				CLANG_WARN_BOOL_CONVERSION = YES;
				CLANG_WARN_COMMA = YES;
				CLANG_WARN_CONSTANT_CONVERSION = YES;
				CLANG_WARN_DEPRECATED_OBJC_IMPLEMENTATIONS = YES;
				CLANG_WARN_DIRECT_OBJC_ISA_USAGE = YES_ERROR;
				CLANG_WARN_DOCUMENTATION_COMMENTS = YES;
				CLANG_WARN_EMPTY_BODY = YES;
				CLANG_WARN_ENUM_CONVERSION = YES;
				CLANG_WARN_INFINITE_RECURSION = YES;
				CLANG_WARN_INT_CONVERSION = YES;
				CLANG_WARN_NON_LITERAL_NULL_CONVERSION = YES;
				CLANG_WARN_OBJC_IMPLICIT_RETAIN_SELF = YES;
				CLANG_WARN_OBJC_LITERAL_CONVERSION = YES;
				CLANG_WARN_OBJC_ROOT_CLASS = YES_ERROR;
				CLANG_WARN_QUOTED_INCLUDE_IN_FRAMEWORK_HEADER = YES;
				CLANG_WARN_RANGE_LOOP_ANALYSIS = YES;
				CLANG_WARN_STRICT_PROTOTYPES = YES;
				CLANG_WARN_SUSPICIOUS_MOVE = YES;
				CLANG_WARN_UNGUARDED_AVAILABILITY = YES_AGGRESSIVE;
				CLANG_WARN_UNREACHABLE_CODE = YES;
				CLANG_WARN__DUPLICATE_METHOD_MATCH = YES;
				COPY_PHASE_STRIP = NO;
				DEBUG_INFORMATION_FORMAT = "dwarf-with-dsym";
				ENABLE_NS_ASSERTIONS = NO;
				ENABLE_STRICT_OBJC_MSGSEND = YES;
				ENABLE_USER_SCRIPT_SANDBOXING = YES;
				GCC_C_LANGUAGE_STANDARD = gnu17;
				GCC_NO_COMMON_BLOCKS = YES;
				GCC_WARN_64_TO_32_BIT_CONVERSION = YES;
				GCC_WARN_ABOUT_RETURN_TYPE = YES_ERROR;
				GCC_WARN_UNDECLARED_SELECTOR = YES;
				GCC_WARN_UNINITIALIZED_AUTOS = YES_AGGRESSIVE;
				GCC_WARN_UNUSED_FUNCTION = YES;
				GCC_WARN_UNUSED_VARIABLE = YES;
				IPHONEOS_DEPLOYMENT_TARGET = 18.0;
				LOCALIZATION_PREFERS_STRING_CATALOGS = YES;
				MTL_ENABLE_DEBUG_INFO = NO;
				MTL_FAST_MATH = YES;
				SDKROOT = iphoneos;
				SWIFT_COMPILATION_MODE = wholemodule;
				VALIDATE_PRODUCT = YES;
			};
			name = Release;
		};
		CEB80FAE2CBFA48400ADD146 /* Debug */ = {
			isa = XCBuildConfiguration;
			buildSettings = {
				ASSETCATALOG_COMPILER_APPICON_NAME = AppIcon;
				ASSETCATALOG_COMPILER_GLOBAL_ACCENT_COLOR_NAME = AccentColor;
				CODE_SIGN_STYLE = Automatic;
				CURRENT_PROJECT_VERSION = 1;
				DEVELOPMENT_ASSET_PATHS = "\"Demo EventKit/Preview Content\"";
				ENABLE_PREVIEWS = YES;
				GENERATE_INFOPLIST_FILE = YES;
				INFOPLIST_KEY_UIApplicationSceneManifest_Generation = YES;
				INFOPLIST_KEY_UIApplicationSupportsIndirectInputEvents = YES;
				INFOPLIST_KEY_UILaunchScreen_Generation = YES;
				INFOPLIST_KEY_UISupportedInterfaceOrientations_iPad = "UIInterfaceOrientationPortrait UIInterfaceOrientationPortraitUpsideDown UIInterfaceOrientationLandscapeLeft UIInterfaceOrientationLandscapeRight";
				INFOPLIST_KEY_UISupportedInterfaceOrientations_iPhone = "UIInterfaceOrientationPortrait UIInterfaceOrientationLandscapeLeft UIInterfaceOrientationLandscapeRight";
				LD_RUNPATH_SEARCH_PATHS = (
					"$(inherited)",
					"@executable_path/Frameworks",
				);
				MARKETING_VERSION = 1.0;
				PRODUCT_BUNDLE_IDENTIFIER = "khanhphan.Demo-EventKit";
				PRODUCT_NAME = "$(TARGET_NAME)";
				SWIFT_EMIT_LOC_STRINGS = YES;
				SWIFT_VERSION = 5.0;
				TARGETED_DEVICE_FAMILY = "1,2";
			};
			name = Debug;
		};
		CEB80FAF2CBFA48400ADD146 /* Release */ = {
			isa = XCBuildConfiguration;
			buildSettings = {
				ASSETCATALOG_COMPILER_APPICON_NAME = AppIcon;
				ASSETCATALOG_COMPILER_GLOBAL_ACCENT_COLOR_NAME = AccentColor;
				CODE_SIGN_STYLE = Automatic;
				CURRENT_PROJECT_VERSION = 1;
				DEVELOPMENT_ASSET_PATHS = "\"Demo EventKit/Preview Content\"";
				ENABLE_PREVIEWS = YES;
				GENERATE_INFOPLIST_FILE = YES;
				INFOPLIST_KEY_UIApplicationSceneManifest_Generation = YES;
				INFOPLIST_KEY_UIApplicationSupportsIndirectInputEvents = YES;
				INFOPLIST_KEY_UILaunchScreen_Generation = YES;
				INFOPLIST_KEY_UISupportedInterfaceOrientations_iPad = "UIInterfaceOrientationPortrait UIInterfaceOrientationPortraitUpsideDown UIInterfaceOrientationLandscapeLeft UIInterfaceOrientationLandscapeRight";
				INFOPLIST_KEY_UISupportedInterfaceOrientations_iPhone = "UIInterfaceOrientationPortrait UIInterfaceOrientationLandscapeLeft UIInterfaceOrientationLandscapeRight";
				LD_RUNPATH_SEARCH_PATHS = (
					"$(inherited)",
					"@executable_path/Frameworks",
				);
				MARKETING_VERSION = 1.0;
				PRODUCT_BUNDLE_IDENTIFIER = "khanhphan.Demo-EventKit";
				PRODUCT_NAME = "$(TARGET_NAME)";
				SWIFT_EMIT_LOC_STRINGS = YES;
				SWIFT_VERSION = 5.0;
				TARGETED_DEVICE_FAMILY = "1,2";
			};
			name = Release;
		};
		CEB80FB12CBFA48400ADD146 /* Debug */ = {
			isa = XCBuildConfiguration;
			buildSettings = {
				BUNDLE_LOADER = "$(TEST_HOST)";
				CODE_SIGN_STYLE = Automatic;
				CURRENT_PROJECT_VERSION = 1;
				GENERATE_INFOPLIST_FILE = YES;
				IPHONEOS_DEPLOYMENT_TARGET = 18.0;
				MARKETING_VERSION = 1.0;
				PRODUCT_BUNDLE_IDENTIFIER = "khanhphan.Demo-EventKitTests";
				PRODUCT_NAME = "$(TARGET_NAME)";
				SWIFT_EMIT_LOC_STRINGS = NO;
				SWIFT_VERSION = 5.0;
				TARGETED_DEVICE_FAMILY = "1,2";
				TEST_HOST = "$(BUILT_PRODUCTS_DIR)/Demo EventKit.app/$(BUNDLE_EXECUTABLE_FOLDER_PATH)/Demo EventKit";
			};
			name = Debug;
		};
		CEB80FB22CBFA48400ADD146 /* Release */ = {
			isa = XCBuildConfiguration;
			buildSettings = {
				BUNDLE_LOADER = "$(TEST_HOST)";
				CODE_SIGN_STYLE = Automatic;
				CURRENT_PROJECT_VERSION = 1;
				GENERATE_INFOPLIST_FILE = YES;
				IPHONEOS_DEPLOYMENT_TARGET = 18.0;
				MARKETING_VERSION = 1.0;
				PRODUCT_BUNDLE_IDENTIFIER = "khanhphan.Demo-EventKitTests";
				PRODUCT_NAME = "$(TARGET_NAME)";
				SWIFT_EMIT_LOC_STRINGS = NO;
				SWIFT_VERSION = 5.0;
				TARGETED_DEVICE_FAMILY = "1,2";
				TEST_HOST = "$(BUILT_PRODUCTS_DIR)/Demo EventKit.app/$(BUNDLE_EXECUTABLE_FOLDER_PATH)/Demo EventKit";
			};
			name = Release;
		};
		CEB80FB42CBFA48400ADD146 /* Debug */ = {
			isa = XCBuildConfiguration;
			buildSettings = {
				CODE_SIGN_STYLE = Automatic;
				CURRENT_PROJECT_VERSION = 1;
				GENERATE_INFOPLIST_FILE = YES;
				MARKETING_VERSION = 1.0;
				PRODUCT_BUNDLE_IDENTIFIER = "khanhphan.Demo-EventKitUITests";
				PRODUCT_NAME = "$(TARGET_NAME)";
				SWIFT_EMIT_LOC_STRINGS = NO;
				SWIFT_VERSION = 5.0;
				TARGETED_DEVICE_FAMILY = "1,2";
				TEST_TARGET_NAME = "Demo EventKit";
			};
			name = Debug;
		};
		CEB80FB52CBFA48400ADD146 /* Release */ = {
			isa = XCBuildConfiguration;
			buildSettings = {
				CODE_SIGN_STYLE = Automatic;
				CURRENT_PROJECT_VERSION = 1;
				GENERATE_INFOPLIST_FILE = YES;
				MARKETING_VERSION = 1.0;
				PRODUCT_BUNDLE_IDENTIFIER = "khanhphan.Demo-EventKitUITests";
				PRODUCT_NAME = "$(TARGET_NAME)";
				SWIFT_EMIT_LOC_STRINGS = NO;
				SWIFT_VERSION = 5.0;
				TARGETED_DEVICE_FAMILY = "1,2";
				TEST_TARGET_NAME = "Demo EventKit";
			};
			name = Release;
		};
/* End XCBuildConfiguration section */

/* Begin XCConfigurationList section */
		CEB80F842CBFA48300ADD146 /* Build configuration list for PBXProject "Demo EventKit" */ = {
			isa = XCConfigurationList;
			buildConfigurations = (
				CEB80FAB2CBFA48400ADD146 /* Debug */,
				CEB80FAC2CBFA48400ADD146 /* Release */,
			);
			defaultConfigurationIsVisible = 0;
			defaultConfigurationName = Release;
		};
		CEB80FAD2CBFA48400ADD146 /* Build configuration list for PBXNativeTarget "Demo EventKit" */ = {
			isa = XCConfigurationList;
			buildConfigurations = (
				CEB80FAE2CBFA48400ADD146 /* Debug */,
				CEB80FAF2CBFA48400ADD146 /* Release */,
			);
			defaultConfigurationIsVisible = 0;
			defaultConfigurationName = Release;
		};
		CEB80FB02CBFA48400ADD146 /* Build configuration list for PBXNativeTarget "Demo EventKitTests" */ = {
			isa = XCConfigurationList;
			buildConfigurations = (
				CEB80FB12CBFA48400ADD146 /* Debug */,
				CEB80FB22CBFA48400ADD146 /* Release */,
			);
			defaultConfigurationIsVisible = 0;
			defaultConfigurationName = Release;
		};
		CEB80FB32CBFA48400ADD146 /* Build configuration list for PBXNativeTarget "Demo EventKitUITests" */ = {
			isa = XCConfigurationList;
			buildConfigurations = (
				CEB80FB42CBFA48400ADD146 /* Debug */,
				CEB80FB52CBFA48400ADD146 /* Release */,
			);
			defaultConfigurationIsVisible = 0;
			defaultConfigurationName = Release;
		};
/* End XCConfigurationList section */
	};
	rootObject = CEB80F812CBFA48300ADD146 /* Project object */;
}
